<?xml version="1.0" encoding="utf-8"?>
<Project ToolsVersion="4.0" xmlns="http://schemas.microsoft.com/developer/msbuild/2003">
  <ItemGroup>
    <Filter Include="源文件">
      <UniqueIdentifier>{4FC737F1-C7A5-4376-A066-2A32D752A2FF}</UniqueIdentifier>
      <Extensions>cpp;c;cc;cxx;c++;cppm;ixx;def;odl;idl;hpj;bat;asm;asmx</Extensions>
    </Filter>
    <Filter Include="头文件">
      <UniqueIdentifier>{93995380-89BD-4b04-88EB-625FBE52EBFB}</UniqueIdentifier>
      <Extensions>h;hh;hpp;hxx;h++;hm;inl;inc;ipp;xsd</Extensions>
    </Filter>
    <Filter Include="资源文件">
      <UniqueIdentifier>{67DA6AB6-F800-4c08-8B7A-83BB121AAD01}</UniqueIdentifier>
      <Extensions>rc;ico;cur;bmp;dlg;rc2;rct;bin;rgs;gif;jpg;jpeg;jpe;resx;tiff;tif;png;wav;mfcribbon-ms</Extensions>
    </Filter>
  </ItemGroup>
  <ItemGroup>
    <ClInclude Include="framework.h">
      <Filter>头文件</Filter>
    </ClInclude>
    <ClInclude Include="pch.h">
      <Filter>头文件</Filter>
    </ClInclude>
    <ClInclude Include="crt.h">
      <Filter>头文件</Filter>
    </ClInclude>
    <ClInclude Include="Hooking.hpp">
      <Filter>头文件</Filter>
    </ClInclude>
    <ClInclude Include="UxThemePatcher.hpp">
      <Filter>头文件</Filter>
    </ClInclude>
    <ClInclude Include="ThemeHelper.hpp">
      <Filter>头文件</Filter>
    </ClInclude>
    <ClInclude Include="Utils.hpp">
      <Filter>头文件</Filter>
    </ClInclude>
    <ClInclude Include="SymbolResolver.hpp">
      <Filter>头文件</Filter>
    </ClInclude>
    <ClInclude Include="MenuHandler.hpp">
      <Filter>头文件</Filter>
    </ClInclude>
    <ClInclude Include="EffectHelper.hpp">
      <Filter>头文件</Filter>
    </ClInclude>
    <ClInclude Include="ImmersiveContextMenuPatcher.hpp">
      <Filter>头文件</Filter>
    </ClInclude>
    <ClInclude Include="resource.h">
      <Filter>头文件</Filter>
    </ClInclude>
    <ClInclude Include="RegHelper.hpp">
      <Filter>头文件</Filter>
    </ClInclude>
    <ClInclude Include="MenuAnimation.hpp">
      <Filter>头文件</Filter>
    </ClInclude>
    <ClInclude Include="DXHelper.hpp">
      <Filter>头文件</Filter>
    </ClInclude>
    <ClInclude Include="wil.h">
      <Filter>头文件</Filter>
    </ClInclude>
    <ClInclude Include="dx.h">
      <Filter>头文件</Filter>
    </ClInclude>
    <ClInclude Include="MenuRendering.hpp">
      <Filter>头文件</Filter>
    </ClInclude>
    <ClInclude Include="DwmThumbnailAPI.hpp">
      <Filter>头文件</Filter>
    </ClInclude>
    <ClInclude Include="TFMain.hpp">
      <Filter>头文件</Filter>
    </ClInclude>
    <ClInclude Include="ToolTipHandler.hpp">
      <Filter>头文件</Filter>
    </ClInclude>
    <ClInclude Include="SharedUxTheme.hpp">
      <Filter>头文件</Filter>
    </ClInclude>
  </ItemGroup>
  <ItemGroup>
    <ClCompile Include="pch.cpp">
      <Filter>源文件</Filter>
    </ClCompile>
    <ClCompile Include="dllmain.cpp">
      <Filter>源文件</Filter>
    </ClCompile>
    <ClCompile Include="Hooking.cpp">
      <Filter>源文件</Filter>
    </ClCompile>
    <ClCompile Include="UxThemePatcher.cpp">
      <Filter>源文件</Filter>
    </ClCompile>
    <ClCompile Include="SymbolResolver.cpp">
      <Filter>源文件</Filter>
    </ClCompile>
    <ClCompile Include="MenuHandler.cpp">
      <Filter>源文件</Filter>
    </ClCompile>
    <ClCompile Include="ImmersiveContextMenuPatcher.cpp">
      <Filter>源文件</Filter>
    </ClCompile>
    <ClCompile Include="RegHelper.cpp">
      <Filter>源文件</Filter>
    </ClCompile>
    <ClCompile Include="MenuAnimation.cpp">
      <Filter>源文件</Filter>
    </ClCompile>
    <ClCompile Include="DXHelper.cpp">
      <Filter>源文件</Filter>
    </ClCompile>
    <ClCompile Include="MenuRendering.cpp">
      <Filter>源文件</Filter>
    </ClCompile>
    <ClCompile Include="TFMain.cpp">
      <Filter>源文件</Filter>
    </ClCompile>
    <ClCompile Include="ToolTipHandler.cpp">
      <Filter>源文件</Filter>
    </ClCompile>
    <ClCompile Include="SharedUxTheme.cpp">
      <Filter>源文件</Filter>
    </ClCompile>
  </ItemGroup>
  <ItemGroup>
    <None Include="packages.config" />
    <None Include="GlobalFunctions.def">
      <Filter>源文件</Filter>
    </None>
  </ItemGroup>
  <ItemGroup>
    <Natvis Include="$(MSBuildThisFileDirectory)..\..\natvis\wil.natvis" />
  </ItemGroup>
  <ItemGroup>
    <ResourceCompile Include="TFMain.rc">
      <Filter>资源文件</Filter>
    </ResourceCompile>
  </ItemGroup>
</Project>